
Microsoft Visual Studio Solution File, Format Version 12.00
# Visual Studio Version 16
VisualStudioVersion = 16.0.30621.155
MinimumVisualStudioVersion = 10.0.40219.1
Project("{FAE04EC0-301F-11D3-BF4B-00C04F79EFBC}") = "Ejecutable", "Ejecutable\Ejecutable.csproj", "{4285FEA2-8101-40AC-8C9A-CA02487D9BBC}"
EndProject
Global
	GlobalSection(SolutionConfigurationPlatforms) = preSolution
		Debug|Any CPU = Debug|Any CPU
		Release|Any CPU = Release|Any CPU
	EndGlobalSection
	GlobalSection(ProjectConfigurationPlatforms) = postSolution
		{4285FEA2-8101-40AC-8C9A-CA02487D9BBC}.Debug|Any CPU.ActiveCfg = Debug|Any CPU
		{4285FEA2-8101-40AC-8C9A-CA02487D9BBC}.Debug|Any CPU.Build.0 = Debug|Any CPU
		{4285FEA2-8101-40AC-8C9A-CA02487D9BBC}.Release|Any CPU.ActiveCfg = Release|Any CPU
		{4285FEA2-8101-40AC-8C9A-CA02487D9BBC}.Release|Any CPU.Build.0 = Release|Any CPU
	EndGlobalSection
	GlobalSection(SolutionProperties) = preSolution
		HideSolutionNode = FALSE
	EndGlobalSection
	GlobalSection(ExtensibilityGlobals) = postSolution
		SolutionGuid = {F7FCE60F-002E-436E-A095-64B56180BA80}
	EndGlobalSection
EndGlobal
